
Microsoft Visual Studio Solution File, Format Version 12.00
# Visual Studio Version 17
VisualStudioVersion = 17.11.35303.130
MinimumVisualStudioVersion = 10.0.40219.1
Project("{FAE04EC0-301F-11D3-BF4B-00C04F79EFBC}") = "TicketReservationAPI", "TicketReservationAPI\TicketReservationAPI.csproj", "{93CDED5A-CBE7-4C86-B97F-2C24FCC67906}"
EndProject
Project("{FAE04EC0-301F-11D3-BF4B-00C04F79EFBC}") = "TicketReservationAPITesting", "TicketReservationAPITesting\TicketReservationAPITesting.csproj", "{E7E58D85-C895-453C-A8AD-EE65C52BF227}"
EndProject
Global
	GlobalSection(SolutionConfigurationPlatforms) = preSolution
		Debug|Any CPU = Debug|Any CPU
		Release|Any CPU = Release|Any CPU
	EndGlobalSection
	GlobalSection(ProjectConfigurationPlatforms) = postSolution
		{93CDED5A-CBE7-4C86-B97F-2C24FCC67906}.Debug|Any CPU.ActiveCfg = Debug|Any CPU
		{93CDED5A-CBE7-4C86-B97F-2C24FCC67906}.Debug|Any CPU.Build.0 = Debug|Any CPU
		{93CDED5A-CBE7-4C86-B97F-2C24FCC67906}.Release|Any CPU.ActiveCfg = Release|Any CPU
		{93CDED5A-CBE7-4C86-B97F-2C24FCC67906}.Release|Any CPU.Build.0 = Release|Any CPU
		{E7E58D85-C895-453C-A8AD-EE65C52BF227}.Debug|Any CPU.ActiveCfg = Debug|Any CPU
		{E7E58D85-C895-453C-A8AD-EE65C52BF227}.Debug|Any CPU.Build.0 = Debug|Any CPU
		{E7E58D85-C895-453C-A8AD-EE65C52BF227}.Release|Any CPU.ActiveCfg = Release|Any CPU
		{E7E58D85-C895-453C-A8AD-EE65C52BF227}.Release|Any CPU.Build.0 = Release|Any CPU
	EndGlobalSection
	GlobalSection(SolutionProperties) = preSolution
		HideSolutionNode = FALSE
	EndGlobalSection
	GlobalSection(ExtensibilityGlobals) = postSolution
		SolutionGuid = {44846616-0F04-4DA9-9186-244549C7FDD7}
	EndGlobalSection
EndGlobal
